
Microsoft Visual Studio Solution File, Format Version 12.00
Project("{FAE04EC0-301F-11D3-BF4B-00C04F79EFBC}") = "Prometheus", "Prometheus\Prometheus.csproj", "{7E2FA646-678D-413E-8D6B-8D573FC9EEA9}"
EndProject
Project("{FAE04EC0-301F-11D3-BF4B-00C04F79EFBC}") = "prom-web", "..\..\..\PromeTest\prom-web\prom-web.csproj", "{6F1D57D5-0B6C-4D89-92D5-4C8CEEF6BF46}"
EndProject
Project("{FAE04EC0-301F-11D3-BF4B-00C04F79EFBC}") = "pushgatewaydotnet", "pushgatewaydotnet\pushgatewaydotnet.csproj", "{2FBD4C77-4178-4064-B07A-AB6936A2ED49}"
EndProject
Global
	GlobalSection(SolutionConfigurationPlatforms) = preSolution
		Debug|Any CPU = Debug|Any CPU
		Release|Any CPU = Release|Any CPU
	EndGlobalSection
	GlobalSection(ProjectConfigurationPlatforms) = postSolution
		{7E2FA646-678D-413E-8D6B-8D573FC9EEA9}.Debug|Any CPU.ActiveCfg = Debug|Any CPU
		{7E2FA646-678D-413E-8D6B-8D573FC9EEA9}.Debug|Any CPU.Build.0 = Debug|Any CPU
		{7E2FA646-678D-413E-8D6B-8D573FC9EEA9}.Release|Any CPU.ActiveCfg = Release|Any CPU
		{7E2FA646-678D-413E-8D6B-8D573FC9EEA9}.Release|Any CPU.Build.0 = Release|Any CPU
		{6F1D57D5-0B6C-4D89-92D5-4C8CEEF6BF46}.Debug|Any CPU.ActiveCfg = Debug|Any CPU
		{6F1D57D5-0B6C-4D89-92D5-4C8CEEF6BF46}.Debug|Any CPU.Build.0 = Debug|Any CPU
		{6F1D57D5-0B6C-4D89-92D5-4C8CEEF6BF46}.Release|Any CPU.ActiveCfg = Release|Any CPU
		{6F1D57D5-0B6C-4D89-92D5-4C8CEEF6BF46}.Release|Any CPU.Build.0 = Release|Any CPU
		{2FBD4C77-4178-4064-B07A-AB6936A2ED49}.Debug|Any CPU.ActiveCfg = Debug|Any CPU
		{2FBD4C77-4178-4064-B07A-AB6936A2ED49}.Debug|Any CPU.Build.0 = Debug|Any CPU
		{2FBD4C77-4178-4064-B07A-AB6936A2ED49}.Release|Any CPU.ActiveCfg = Release|Any CPU
		{2FBD4C77-4178-4064-B07A-AB6936A2ED49}.Release|Any CPU.Build.0 = Release|Any CPU
	EndGlobalSection
EndGlobal
